# This file is automatically @generated by Cargo.
# It is not intended for manual editing.
version = 3

[[package]]
name = "codility-array-rotation"
version = "0.1.0"

[[package]]
name = "codility-binary-gap"
version = "0.1.0"

[[package]]
name = "codility-frog-jump"
version = "0.1.0"

[[package]]
name = "codility-possible-string-palindrome"
version = "0.1.0"

[[package]]
name = "leetcode-add-two-numbers"
version = "0.1.0"

[[package]]
name = "leetcode-basic-calculator-ii"
version = "0.1.0"

[[package]]
name = "leetcode-car-pooling"
version = "0.1.0"

[[package]]
name = "leetcode-check-if-number-has-equal-digit-count-and-digit-value"
version = "0.1.0"

[[package]]
name = "leetcode-design-a-stack-with-increment-operation"
version = "0.1.0"

[[package]]
name = "leetcode-jump-game-iv"
version = "0.1.0"

[[package]]
name = "leetcode-longest-substring-without-repeating-characters"
version = "0.1.0"

[[package]]
name = "leetcode-longest-word-in-dictionary-through-deleting"
version = "0.1.0"

[[package]]
name = "leetcode-median-of-two-sorted-arrays"
version = "0.1.0"

[[package]]
name = "leetcode-numbers-with-same-consecutive-differences"
version = "0.1.0"

[[package]]
name = "leetcode-queue-reconstruction-by-height"
version = "0.1.0"

[[package]]
name = "leetcode-subtract-the-product-and-sum-of-digits-of-an-integer"
version = "0.1.0"

[[package]]
name = "leetcode-two-sum"
version = "0.1.0"
